# This file is autogenerated, do not edit; changes may be undone by the next 'dep ensure'.


[[projects]]
  digest = "1:6c0fca6df090fdad984eb520f473106a3950631f6088ee44a8c34606339a6e94"
  name = "github.com/alecthomas/participle"
  packages = [
    ".",
    "lexer",
  ]
  pruneopts = "UT"
  revision = "2fdc97203715430df57433d2ddf20e10742bf9ae"
  version = "v0.1.0"

[[projects]]
  digest = "1:40e195917a951a8bf867cd05de2a46aaf1806c50cf92eebf4c16f78cd196f747"
  name = "github.com/pkg/errors"
  packages = ["."]
  pruneopts = "UT"
  revision = "645ef00459ed84a119197bfb8d8205042c6df63d"
  version = "v0.8.0"

[[projects]]
  branch = "master"
  digest = "1:4fa88ce4b5db1fe44fafe915fbcdc14375acf804155ddd6baa4dd54341540247"
  name = "golang.org/x/exp"
  packages = ["ebnf"]
  pruneopts = "UT"
  revision = "42ba7d4b6eb299bf56fcfc4f0541a857ad0e2da3"

[solve-meta]
  analyzer-name = "dep"
  analyzer-version = 1
  input-imports = [
    "github.com/alecthomas/participle",
    "github.com/pkg/errors",
  ]
  solver-name = "gps-cdcl"
  solver-version = 1
